PODS:
  - ConsentViewController (7.12.10):
    - SPMobileCore (= 0.1.16)
  - Google-Mobile-Ads-SDK (12.14.0):
    - GoogleUserMessagingPlatform (>= 1.1)
  - GoogleUserMessagingPlatform (3.1.0)
  - PrebidMobile (3.3.1):
    - PrebidMobile/core (= 3.3.1)
  - PrebidMobile/core (3.3.1)
  - SPMobileCore (0.1.16)
  - YieldloveAdIntegration/Consent (10.5.3):
    - ConsentViewController (~> 7.12)
    - YieldloveAdIntegration/Core
  - YieldloveAdIntegration/Core (10.5.3):
    - Google-Mobile-Ads-SDK (= 12.14.0)
    - PrebidMobile (= 3.3.1)

DEPENDENCIES:
  - YieldloveAdIntegration/Consent (= 10.5.3)

SPEC REPOS:
  trunk:
    - ConsentViewController
    - Google-Mobile-Ads-SDK
    - GoogleUserMessagingPlatform
    - PrebidMobile
    - SPMobileCore
    - YieldloveAdIntegration

SPEC CHECKSUMS:
  ConsentViewController: d5f5f472225922b8cf0575c67347694b485b7d3e
  Google-Mobile-Ads-SDK: 4534fd2dfcd3f705c5485a6633c5188d03d4eed2
  GoogleUserMessagingPlatform: befe603da6501006420c206222acd449bba45a9c
  PrebidMobile: ee7a59963c71e08baae66d8934df228ccf3648c7
  SPMobileCore: 4cb29cc8357c679cd95bc239d5aafea0bb8cd73e
  YieldloveAdIntegration: ff1486bc783ae7faee9f22de52953eaf4a3e74cf

PODFILE CHECKSUM: 470162f7380084b0271f0d8cae5822209183e6bb

COCOAPODS: 1.17.0
